{
  "object": {
    "pins": [
      {
        "package": "glm",
        "repositoryURL": "/home/elect/SwiftProjects/glm",
        "state": {
          "branch": null,
          "revision": "ba6583e00c619841579fb77a1e8d6074dc632485",
          "version": null
        }
      }
    ]
  },
  "version": 1
}
