{
  "object": {
    "pins": [
      {
        "package": "glm",
        "repositoryURL": "/home/elect/SwiftProjects/glm",
        "state": {
          "branch": null,
          "revision": "b7f9cfe44f18daa9b24296ea5841156211031539",
          "version": null
        }
      }
    ]
  },
  "version": 1
}
