{
  "object": {
    "pins": [
      {
        "package": "glm",
        "repositoryURL": "/home/elect/SwiftProjects/glm",
        "state": {
          "branch": null,
          "revision": "bb49a7ea79941b46802f4bddf56288be60ce5dbf",
          "version": null
        }
      }
    ]
  },
  "version": 1
}
